
Microsoft Visual Studio Solution File, Format Version 12.00
# Visual Studio 15
VisualStudioVersion = 15.0.28307.136
MinimumVisualStudioVersion = 10.0.40219.1
Project("{FAE04EC0-301F-11D3-BF4B-00C04F79EFBC}") = "AngularJS", "AngularJS\AngularJS.csproj", "{1BB9431B-45CC-47BB-B38C-FFFF9C69C2AD}"
EndProject
Project("{E24C65DC-7377-472B-9ABA-BC803B73C61A}") = "BookLogger", "BookLogger\", "{7767955A-8B8B-4B87-84AC-13C7391F8780}"
	ProjectSection(WebsiteProperties) = preProject
		TargetFrameworkMoniker = ".NETFramework,Version%3Dv4.6.1"
		Debug.AspNetCompiler.VirtualPath = "/localhost_6097"
		Debug.AspNetCompiler.PhysicalPath = "BookLogger\"
		Debug.AspNetCompiler.TargetPath = "PrecompiledWeb\localhost_6097\"
		Debug.AspNetCompiler.Updateable = "true"
		Debug.AspNetCompiler.ForceOverwrite = "true"
		Debug.AspNetCompiler.FixedNames = "false"
		Debug.AspNetCompiler.Debug = "True"
		Release.AspNetCompiler.VirtualPath = "/localhost_6097"
		Release.AspNetCompiler.PhysicalPath = "BookLogger\"
		Release.AspNetCompiler.TargetPath = "PrecompiledWeb\localhost_6097\"
		Release.AspNetCompiler.Updateable = "true"
		Release.AspNetCompiler.ForceOverwrite = "true"
		Release.AspNetCompiler.FixedNames = "false"
		Release.AspNetCompiler.Debug = "False"
		VWDPort = "6097"
		SlnRelativePath = "BookLogger\"
		DefaultWebSiteLanguage = "Visual C#"
	EndProjectSection
EndProject
Project("{E24C65DC-7377-472B-9ABA-BC803B73C61A}") = "Node", "Node\", "{A6B1F72F-9394-4DD2-8FCD-928C2C11E4B0}"
	ProjectSection(WebsiteProperties) = preProject
		TargetFrameworkMoniker = ".NETFramework,Version%3Dv4.6.1"
		Debug.AspNetCompiler.VirtualPath = "/localhost_7106"
		Debug.AspNetCompiler.PhysicalPath = "Node\"
		Debug.AspNetCompiler.TargetPath = "PrecompiledWeb\localhost_7106\"
		Debug.AspNetCompiler.Updateable = "true"
		Debug.AspNetCompiler.ForceOverwrite = "true"
		Debug.AspNetCompiler.FixedNames = "false"
		Debug.AspNetCompiler.Debug = "True"
		Release.AspNetCompiler.VirtualPath = "/localhost_7106"
		Release.AspNetCompiler.PhysicalPath = "Node\"
		Release.AspNetCompiler.TargetPath = "PrecompiledWeb\localhost_7106\"
		Release.AspNetCompiler.Updateable = "true"
		Release.AspNetCompiler.ForceOverwrite = "true"
		Release.AspNetCompiler.FixedNames = "false"
		Release.AspNetCompiler.Debug = "False"
		VWDPort = "7106"
		SlnRelativePath = "Node\"
		DefaultWebSiteLanguage = "Visual C#"
	EndProjectSection
EndProject
Global
	GlobalSection(SolutionConfigurationPlatforms) = preSolution
		Debug|Any CPU = Debug|Any CPU
		Release|Any CPU = Release|Any CPU
	EndGlobalSection
	GlobalSection(ProjectConfigurationPlatforms) = postSolution
		{1BB9431B-45CC-47BB-B38C-FFFF9C69C2AD}.Debug|Any CPU.ActiveCfg = Debug|Any CPU
		{1BB9431B-45CC-47BB-B38C-FFFF9C69C2AD}.Debug|Any CPU.Build.0 = Debug|Any CPU
		{1BB9431B-45CC-47BB-B38C-FFFF9C69C2AD}.Release|Any CPU.ActiveCfg = Release|Any CPU
		{1BB9431B-45CC-47BB-B38C-FFFF9C69C2AD}.Release|Any CPU.Build.0 = Release|Any CPU
		{7767955A-8B8B-4B87-84AC-13C7391F8780}.Debug|Any CPU.ActiveCfg = Debug|Any CPU
		{7767955A-8B8B-4B87-84AC-13C7391F8780}.Debug|Any CPU.Build.0 = Debug|Any CPU
		{7767955A-8B8B-4B87-84AC-13C7391F8780}.Release|Any CPU.ActiveCfg = Debug|Any CPU
		{7767955A-8B8B-4B87-84AC-13C7391F8780}.Release|Any CPU.Build.0 = Debug|Any CPU
		{A6B1F72F-9394-4DD2-8FCD-928C2C11E4B0}.Debug|Any CPU.ActiveCfg = Debug|Any CPU
		{A6B1F72F-9394-4DD2-8FCD-928C2C11E4B0}.Debug|Any CPU.Build.0 = Debug|Any CPU
		{A6B1F72F-9394-4DD2-8FCD-928C2C11E4B0}.Release|Any CPU.ActiveCfg = Debug|Any CPU
		{A6B1F72F-9394-4DD2-8FCD-928C2C11E4B0}.Release|Any CPU.Build.0 = Debug|Any CPU
	EndGlobalSection
	GlobalSection(SolutionProperties) = preSolution
		HideSolutionNode = FALSE
	EndGlobalSection
	GlobalSection(ExtensibilityGlobals) = postSolution
		SolutionGuid = {BA30F7CC-EF76-423C-82D0-602997227CB9}
	EndGlobalSection
EndGlobal
